{
  "version": 4,
  "terraform_version": "0.12.23",
  "serial": 9,
  "lineage": "5154ca85-acc9-9f46-4a41-23826a53fff5",
  "outputs": {},
  "resources": [
    {
      "mode": "managed",
      "type": "azurerm_resource_group",
      "name": "rg",
      "provider": "provider.azurerm",
      "instances": [
        {
          "schema_version": 0,
          "attributes": {
            "id": "/subscriptions/3dd6e24a-f49b-4d57-ba66-b34b3ecd2efa/resourceGroups/Menno",
            "location": "westeurope",
            "name": "Menno",
            "tags": {
              "environment": "Dev"
            },
            "timeouts": null
          },
          "private": "eyJlMmJmYjczMC1lY2FhLTExZTYtOGY4OC0zNDM2M2JjN2M0YzAiOnsiY3JlYXRlIjo1NDAwMDAwMDAwMDAwLCJkZWxldGUiOjU0MDAwMDAwMDAwMDAsInJlYWQiOjMwMDAwMDAwMDAwMCwidXBkYXRlIjo1NDAwMDAwMDAwMDAwfX0="
        }
      ]
    }
  ]
}
