{
  "version": 4,
  "terraform_version": "0.12.23",
  "serial": 21,
  "lineage": "46b179ae-4a0e-b4d7-48a8-62eb5da557cf",
  "outputs": {},
  "resources": [
    {
      "mode": "managed",
      "type": "openstack_compute_instance_v2",
      "name": "Webserver",
      "each": "list",
      "provider": "provider.openstack",
      "instances": []
    },
    {
      "mode": "managed",
      "type": "openstack_compute_secgroup_v2",
      "name": "SG-Webserver",
      "provider": "provider.openstack",
      "instances": [
        {
          "schema_version": 0,
          "attributes": {
            "description": "a security group",
            "id": "15c05377-72d0-4e39-8bda-fb5224ab8ddc",
            "name": "SG-Webserver",
            "region": "RegionOne",
            "rule": [
              {
                "cidr": "0.0.0.0/0",
                "from_group_id": "",
                "from_port": -1,
                "id": "213c0f21-3518-4d8d-91ae-8cc79ba17208",
                "ip_protocol": "icmp",
                "self": false,
                "to_port": -1
              },
              {
                "cidr": "0.0.0.0/0",
                "from_group_id": "",
                "from_port": 80,
                "id": "273a56e1-b847-4007-a047-8a98cfc865b2",
                "ip_protocol": "tcp",
                "self": false,
                "to_port": 80
              },
              {
                "cidr": "192.168.1.1/16",
                "from_group_id": "",
                "from_port": 22,
                "id": "18fbbc32-6880-4ba9-a2e5-4bb8f8884961",
                "ip_protocol": "tcp",
                "self": false,
                "to_port": 22
              }
            ],
            "timeouts": null
          },
          "private": "eyJlMmJmYjczMC1lY2FhLTExZTYtOGY4OC0zNDM2M2JjN2M0YzAiOnsiZGVsZXRlIjo2MDAwMDAwMDAwMDB9fQ=="
        }
      ]
    }
  ]
}
