{
  "version": 4,
  "terraform_version": "0.12.23",
  "serial": 9,
  "lineage": "46b179ae-4a0e-b4d7-48a8-62eb5da557cf",
  "outputs": {},
  "resources": [
    {
      "mode": "managed",
      "type": "openstack_compute_instance_v2",
      "name": "Webserver",
      "each": "list",
      "provider": "provider.openstack",
      "instances": []
    },
    {
      "mode": "managed",
      "type": "openstack_compute_secgroup_v2",
      "name": "SG-Webserver",
      "provider": "provider.openstack",
      "instances": [
        {
          "schema_version": 0,
          "attributes": {
            "description": "a security group",
            "id": "5a57da22-a220-452b-b9fe-a5d37874198c",
            "name": "SG-Webserver",
            "region": "RegionOne",
            "rule": [
              {
                "cidr": "0.0.0.0/0",
                "from_group_id": "",
                "from_port": -1,
                "id": "1143ae9d-f33a-4eb4-9729-0d261349ef37",
                "ip_protocol": "icmp",
                "self": false,
                "to_port": -1
              },
              {
                "cidr": "0.0.0.0/0",
                "from_group_id": "",
                "from_port": 80,
                "id": "7b8e5225-1e68-4afe-b792-93703dba2f82",
                "ip_protocol": "tcp",
                "self": false,
                "to_port": 80
              },
              {
                "cidr": "192.168.1.1/16",
                "from_group_id": "",
                "from_port": 22,
                "id": "e5709a47-0472-4056-a37e-a9a400110915",
                "ip_protocol": "tcp",
                "self": false,
                "to_port": 22
              }
            ],
            "timeouts": null
          },
          "private": "eyJlMmJmYjczMC1lY2FhLTExZTYtOGY4OC0zNDM2M2JjN2M0YzAiOnsiZGVsZXRlIjo2MDAwMDAwMDAwMDB9fQ=="
        }
      ]
    }
  ]
}
